
Microsoft Visual Studio Solution File, Format Version 12.00
# Visual Studio Version 17
VisualStudioVersion = 17.14.37216.2
MinimumVisualStudioVersion = 10.0.40219.1
Project("{FAE04EC0-301F-11D3-BF4B-00C04F79EFBC}") = "Web", "Web\Web.csproj", "{76D18EBF-2DCA-4DD8-81F7-A6ED5EA180B8}"
EndProject
Project("{FAE04EC0-301F-11D3-BF4B-00C04F79EFBC}") = "Core.Database", "Core.Database\Core.Database.csproj", "{0FBDA0BA-B9A8-427A-AC08-8686D8202921}"
EndProject
Project("{2150E333-8FDC-42A3-9474-1A3956D46DE8}") = "Solution Items", "Solution Items", "{02EA681E-C7D8-13C7-8484-4AC65E1B71E8}"
	ProjectSection(SolutionItems) = preProject
		.editorconfig = .editorconfig
	EndProjectSection
EndProject
Global
	GlobalSection(SolutionConfigurationPlatforms) = preSolution
		Debug|Any CPU = Debug|Any CPU
		Release|Any CPU = Release|Any CPU
	EndGlobalSection
	GlobalSection(ProjectConfigurationPlatforms) = postSolution
		{76D18EBF-2DCA-4DD8-81F7-A6ED5EA180B8}.Debug|Any CPU.ActiveCfg = Debug|Any CPU
		{76D18EBF-2DCA-4DD8-81F7-A6ED5EA180B8}.Debug|Any CPU.Build.0 = Debug|Any CPU
		{76D18EBF-2DCA-4DD8-81F7-A6ED5EA180B8}.Release|Any CPU.ActiveCfg = Release|Any CPU
		{76D18EBF-2DCA-4DD8-81F7-A6ED5EA180B8}.Release|Any CPU.Build.0 = Release|Any CPU
		{0FBDA0BA-B9A8-427A-AC08-8686D8202921}.Debug|Any CPU.ActiveCfg = Debug|Any CPU
		{0FBDA0BA-B9A8-427A-AC08-8686D8202921}.Debug|Any CPU.Build.0 = Debug|Any CPU
		{0FBDA0BA-B9A8-427A-AC08-8686D8202921}.Release|Any CPU.ActiveCfg = Release|Any CPU
		{0FBDA0BA-B9A8-427A-AC08-8686D8202921}.Release|Any CPU.Build.0 = Release|Any CPU
	EndGlobalSection
	GlobalSection(SolutionProperties) = preSolution
		HideSolutionNode = FALSE
	EndGlobalSection
	GlobalSection(ExtensibilityGlobals) = postSolution
		SolutionGuid = {8B1DEABA-8717-4E76-AE36-478DFA081E96}
	EndGlobalSection
EndGlobal
