
Microsoft Visual Studio Solution File, Format Version 12.00
# Visual Studio Version 17
VisualStudioVersion = 17.14.37216.2 d17.14
MinimumVisualStudioVersion = 10.0.40219.1
Project("{FAE04EC0-301F-11D3-BF4B-00C04F79EFBC}") = "WebFruit", "WebFruit\WebFruit.csproj", "{38C2E2EE-1861-4911-BDEF-A01CB2ED467D}"
EndProject
Project("{FAE04EC0-301F-11D3-BF4B-00C04F79EFBC}") = "Core.Database", "Core.Database\Core.Database.csproj", "{19E9BA4D-86D8-4965-A4AD-E056BEB8C78C}"
EndProject
Global
	GlobalSection(SolutionConfigurationPlatforms) = preSolution
		Debug|Any CPU = Debug|Any CPU
		Release|Any CPU = Release|Any CPU
	EndGlobalSection
	GlobalSection(ProjectConfigurationPlatforms) = postSolution
		{38C2E2EE-1861-4911-BDEF-A01CB2ED467D}.Debug|Any CPU.ActiveCfg = Debug|Any CPU
		{38C2E2EE-1861-4911-BDEF-A01CB2ED467D}.Debug|Any CPU.Build.0 = Debug|Any CPU
		{38C2E2EE-1861-4911-BDEF-A01CB2ED467D}.Release|Any CPU.ActiveCfg = Release|Any CPU
		{38C2E2EE-1861-4911-BDEF-A01CB2ED467D}.Release|Any CPU.Build.0 = Release|Any CPU
		{19E9BA4D-86D8-4965-A4AD-E056BEB8C78C}.Debug|Any CPU.ActiveCfg = Debug|Any CPU
		{19E9BA4D-86D8-4965-A4AD-E056BEB8C78C}.Debug|Any CPU.Build.0 = Debug|Any CPU
		{19E9BA4D-86D8-4965-A4AD-E056BEB8C78C}.Release|Any CPU.ActiveCfg = Release|Any CPU
		{19E9BA4D-86D8-4965-A4AD-E056BEB8C78C}.Release|Any CPU.Build.0 = Release|Any CPU
	EndGlobalSection
	GlobalSection(SolutionProperties) = preSolution
		HideSolutionNode = FALSE
	EndGlobalSection
	GlobalSection(ExtensibilityGlobals) = postSolution
		SolutionGuid = {089C75EB-00CF-411C-99AF-2D692F4C5802}
	EndGlobalSection
EndGlobal
